
Microsoft Visual Studio Solution File, Format Version 12.00
# Visual Studio 14
VisualStudioVersion = 14.0.22310.1
MinimumVisualStudioVersion = 10.0.40219.1
Project("{FAE04EC0-301F-11D3-BF4B-00C04F79EFBC}") = "TR20.AZR202.TeamCityDemo", "TR20.AZR202.TeamCityDemo\TR20.AZR202.TeamCityDemo.csproj", "{F6D5F8C8-FC55-420B-AFCC-77D1B3454A94}"
EndProject
Project("{FAE04EC0-301F-11D3-BF4B-00C04F79EFBC}") = "TR20.AZR202.TeamCityDemo.Tests", "TR20.AZR202.TeamCityDemo.Tests\TR20.AZR202.TeamCityDemo.Tests.csproj", "{7FE2C7C5-7EED-4C20-BC88-7DC829B170F4}"
EndProject
Project("{2150E333-8FDC-42A3-9474-1A3956D46DE8}") = "PublishScripts", "PublishScripts", "{25E7FC59-127F-48DA-83B0-0616EC7DAB2B}"
	ProjectSection(SolutionItems) = preProject
		PublishScripts\AzureWebsitePublishModule.psm1 = PublishScripts\AzureWebsitePublishModule.psm1
		PublishScripts\Publish-WebApplicationWebsite.ps1 = PublishScripts\Publish-WebApplicationWebsite.ps1
	EndProjectSection
EndProject
Project("{2150E333-8FDC-42A3-9474-1A3956D46DE8}") = "Configurations", "Configurations", "{70C5F982-F94C-46FB-9C56-158E5DE5E4A1}"
	ProjectSection(SolutionItems) = preProject
		PublishScripts\Configurations\TR20AZR202TeamCityDemo-WAWS-dev.json = PublishScripts\Configurations\TR20AZR202TeamCityDemo-WAWS-dev.json
	EndProjectSection
EndProject
Global
	GlobalSection(SolutionConfigurationPlatforms) = preSolution
		Debug|Any CPU = Debug|Any CPU
		Release|Any CPU = Release|Any CPU
	EndGlobalSection
	GlobalSection(ProjectConfigurationPlatforms) = postSolution
		{F6D5F8C8-FC55-420B-AFCC-77D1B3454A94}.Debug|Any CPU.ActiveCfg = Debug|Any CPU
		{F6D5F8C8-FC55-420B-AFCC-77D1B3454A94}.Debug|Any CPU.Build.0 = Debug|Any CPU
		{F6D5F8C8-FC55-420B-AFCC-77D1B3454A94}.Release|Any CPU.ActiveCfg = Release|Any CPU
		{F6D5F8C8-FC55-420B-AFCC-77D1B3454A94}.Release|Any CPU.Build.0 = Release|Any CPU
		{7FE2C7C5-7EED-4C20-BC88-7DC829B170F4}.Debug|Any CPU.ActiveCfg = Debug|Any CPU
		{7FE2C7C5-7EED-4C20-BC88-7DC829B170F4}.Debug|Any CPU.Build.0 = Debug|Any CPU
		{7FE2C7C5-7EED-4C20-BC88-7DC829B170F4}.Release|Any CPU.ActiveCfg = Release|Any CPU
		{7FE2C7C5-7EED-4C20-BC88-7DC829B170F4}.Release|Any CPU.Build.0 = Release|Any CPU
	EndGlobalSection
	GlobalSection(SolutionProperties) = preSolution
		HideSolutionNode = FALSE
	EndGlobalSection
	GlobalSection(NestedProjects) = preSolution
		{70C5F982-F94C-46FB-9C56-158E5DE5E4A1} = {25E7FC59-127F-48DA-83B0-0616EC7DAB2B}
	EndGlobalSection
EndGlobal
